
Microsoft Visual Studio Solution File, Format Version 12.00
# Visual Studio 2013
VisualStudioVersion = 12.0.30501.0
MinimumVisualStudioVersion = 10.0.40219.1
Project("{8BC9CEB8-8B4A-11D0-8D11-00A0C91BC942}") = "Assignment3", "Assignment3\Assignment3.vcxproj", "{261482AC-95A5-4FD4-B3C2-B51B0C49F288}"
EndProject
Global
	GlobalSection(SolutionConfigurationPlatforms) = preSolution
		Debug|Win32 = Debug|Win32
		Release|Win32 = Release|Win32
	EndGlobalSection
	GlobalSection(ProjectConfigurationPlatforms) = postSolution
		{261482AC-95A5-4FD4-B3C2-B51B0C49F288}.Debug|Win32.ActiveCfg = Debug|Win32
		{261482AC-95A5-4FD4-B3C2-B51B0C49F288}.Debug|Win32.Build.0 = Debug|Win32
		{261482AC-95A5-4FD4-B3C2-B51B0C49F288}.Release|Win32.ActiveCfg = Release|Win32
		{261482AC-95A5-4FD4-B3C2-B51B0C49F288}.Release|Win32.Build.0 = Release|Win32
	EndGlobalSection
	GlobalSection(SolutionProperties) = preSolution
		HideSolutionNode = FALSE
	EndGlobalSection
EndGlobal
